
Microsoft Visual Studio Solution File, Format Version 12.00
# Visual Studio Version 17
VisualStudioVersion = 17.5.33516.290
MinimumVisualStudioVersion = 10.0.40219.1
Project("{FAE04EC0-301F-11D3-BF4B-00C04F79EFBC}") = "CreateanApp", "CreateanApp\CreateanApp.csproj", "{54D6C587-06F7-4932-8C2B-773BDFDC4DF8}"
EndProject
Global
	GlobalSection(SolutionConfigurationPlatforms) = preSolution
		Debug|Any CPU = Debug|Any CPU
		Release|Any CPU = Release|Any CPU
	EndGlobalSection
	GlobalSection(ProjectConfigurationPlatforms) = postSolution
		{54D6C587-06F7-4932-8C2B-773BDFDC4DF8}.Debug|Any CPU.ActiveCfg = Debug|Any CPU
		{54D6C587-06F7-4932-8C2B-773BDFDC4DF8}.Debug|Any CPU.Build.0 = Debug|Any CPU
		{54D6C587-06F7-4932-8C2B-773BDFDC4DF8}.Release|Any CPU.ActiveCfg = Release|Any CPU
		{54D6C587-06F7-4932-8C2B-773BDFDC4DF8}.Release|Any CPU.Build.0 = Release|Any CPU
	EndGlobalSection
	GlobalSection(SolutionProperties) = preSolution
		HideSolutionNode = FALSE
	EndGlobalSection
	GlobalSection(ExtensibilityGlobals) = postSolution
		SolutionGuid = {40D9A677-8005-4ACE-9394-25C5E82F60D5}
	EndGlobalSection
EndGlobal
